
Microsoft Visual Studio Solution File, Format Version 12.00
# Visual Studio Version 17
VisualStudioVersion = 17.0.31912.275
MinimumVisualStudioVersion = 10.0.40219.1
Project("{FAE04EC0-301F-11D3-BF4B-00C04F79EFBC}") = "wsdemo10", "wsdemo10\wsdemo10.csproj", "{60948CD2-B572-4E8E-97CD-E3CF84525C96}"
EndProject
Global
	GlobalSection(SolutionConfigurationPlatforms) = preSolution
		Debug|Any CPU = Debug|Any CPU
		Release|Any CPU = Release|Any CPU
	EndGlobalSection
	GlobalSection(ProjectConfigurationPlatforms) = postSolution
		{60948CD2-B572-4E8E-97CD-E3CF84525C96}.Debug|Any CPU.ActiveCfg = Debug|Any CPU
		{60948CD2-B572-4E8E-97CD-E3CF84525C96}.Debug|Any CPU.Build.0 = Debug|Any CPU
		{60948CD2-B572-4E8E-97CD-E3CF84525C96}.Release|Any CPU.ActiveCfg = Release|Any CPU
		{60948CD2-B572-4E8E-97CD-E3CF84525C96}.Release|Any CPU.Build.0 = Release|Any CPU
	EndGlobalSection
	GlobalSection(SolutionProperties) = preSolution
		HideSolutionNode = FALSE
	EndGlobalSection
	GlobalSection(ExtensibilityGlobals) = postSolution
		SolutionGuid = {933D079B-5709-49B2-9BBB-7D5F7966D07B}
	EndGlobalSection
EndGlobal
